
Microsoft Visual Studio Solution File, Format Version 12.00
# Visual Studio Version 16
VisualStudioVersion = 16.0.34931.43
MinimumVisualStudioVersion = 10.0.40219.1
Project("{FAE04EC0-301F-11D3-BF4B-00C04F79EFBC}") = "ConsoleApp1", "ConsoleApp1.csproj", "{8D690671-A699-446C-A614-24561C2A0134}"
EndProject
Global
	GlobalSection(SolutionConfigurationPlatforms) = preSolution
		Debug|Any CPU = Debug|Any CPU
		Release|Any CPU = Release|Any CPU
	EndGlobalSection
	GlobalSection(ProjectConfigurationPlatforms) = postSolution
		{8D690671-A699-446C-A614-24561C2A0134}.Debug|Any CPU.ActiveCfg = Debug|Any CPU
		{8D690671-A699-446C-A614-24561C2A0134}.Debug|Any CPU.Build.0 = Debug|Any CPU
		{8D690671-A699-446C-A614-24561C2A0134}.Release|Any CPU.ActiveCfg = Release|Any CPU
		{8D690671-A699-446C-A614-24561C2A0134}.Release|Any CPU.Build.0 = Release|Any CPU
	EndGlobalSection
	GlobalSection(SolutionProperties) = preSolution
		HideSolutionNode = FALSE
	EndGlobalSection
	GlobalSection(ExtensibilityGlobals) = postSolution
		SolutionGuid = {FD1D88CB-EE24-4D5A-B46E-8C65D8DA1C33}
	EndGlobalSection
EndGlobal
